Microsoft Visual Studio Solution File, Format Version 12.00
# Visual Studio Version 17
VisualStudioVersion = 17.5.2.0
MinimumVisualStudioVersion = 10.0.40219.1
Project("{FAE04EC0-301F-11D3-BF4B-00C04F79EFBC}") = "crawler", "crawler.csproj", "{99A6FD50-529F-431C-8F74-7F37BBA2948E}"
EndProject
Global
	GlobalSection(SolutionConfigurationPlatforms) = preSolution
		Debug|Any CPU = Debug|Any CPU
		Release|Any CPU = Release|Any CPU
	EndGlobalSection
	GlobalSection(ProjectConfigurationPlatforms) = postSolution
		{99A6FD50-529F-431C-8F74-7F37BBA2948E}.Debug|Any CPU.ActiveCfg = Debug|Any CPU
		{99A6FD50-529F-431C-8F74-7F37BBA2948E}.Debug|Any CPU.Build.0 = Debug|Any CPU
		{99A6FD50-529F-431C-8F74-7F37BBA2948E}.Release|Any CPU.ActiveCfg = Release|Any CPU
		{99A6FD50-529F-431C-8F74-7F37BBA2948E}.Release|Any CPU.Build.0 = Release|Any CPU
		{BBE87072-2838-4677-A734-96D413FBF309}.Debug|Any CPU.ActiveCfg = Debug|Any CPU
		{BBE87072-2838-4677-A734-96D413FBF309}.Debug|Any CPU.Build.0 = Debug|Any CPU
		{BBE87072-2838-4677-A734-96D413FBF309}.Release|Any CPU.ActiveCfg = Release|Any CPU
		{BBE87072-2838-4677-A734-96D413FBF309}.Release|Any CPU.Build.0 = Release|Any CPU
	EndGlobalSection
	GlobalSection(SolutionProperties) = preSolution
		HideSolutionNode = FALSE
	EndGlobalSection
	GlobalSection(ExtensibilityGlobals) = postSolution
		SolutionGuid = {DE2A7F11-1222-4509-89DC-043B359F0BF7}
	EndGlobalSection
EndGlobal
