Microsoft Visual Studio Solution File, Format Version 12.00
# Visual Studio Version 17
VisualStudioVersion = 17.5.2.0
MinimumVisualStudioVersion = 10.0.40219.1
Project("{FAE04EC0-301F-11D3-BF4B-00C04F79EFBC}") = "share", "share.csproj", "{E604403A-336F-2429-8409-F328450EBDBF}"
EndProject
Global
	GlobalSection(SolutionConfigurationPlatforms) = preSolution
		Debug|Any CPU = Debug|Any CPU
		Release|Any CPU = Release|Any CPU
	EndGlobalSection
	GlobalSection(ProjectConfigurationPlatforms) = postSolution
		{E604403A-336F-2429-8409-F328450EBDBF}.Debug|Any CPU.ActiveCfg = Debug|Any CPU
		{E604403A-336F-2429-8409-F328450EBDBF}.Debug|Any CPU.Build.0 = Debug|Any CPU
		{E604403A-336F-2429-8409-F328450EBDBF}.Release|Any CPU.ActiveCfg = Release|Any CPU
		{E604403A-336F-2429-8409-F328450EBDBF}.Release|Any CPU.Build.0 = Release|Any CPU
	EndGlobalSection
	GlobalSection(SolutionProperties) = preSolution
		HideSolutionNode = FALSE
	EndGlobalSection
	GlobalSection(ExtensibilityGlobals) = postSolution
		SolutionGuid = {6126FC84-4A56-49B5-AB1C-6D0665A6CB8B}
	EndGlobalSection
EndGlobal
